
Microsoft Visual Studio Solution File, Format Version 12.00
# Visual Studio Version 17
VisualStudioVersion = 17.6.33801.468
MinimumVisualStudioVersion = 10.0.40219.1
Project("{FAE04EC0-301F-11D3-BF4B-00C04F79EFBC}") = "cviceni_7_3.Android", "cviceni_7_3\cviceni_7_3.Android\cviceni_7_3.Android.csproj", "{408D1A24-F6A7-488D-A267-88A417E8C394}"
EndProject
Project("{FAE04EC0-301F-11D3-BF4B-00C04F79EFBC}") = "cviceni_7_3", "cviceni_7_3\cviceni_7_3\cviceni_7_3.csproj", "{263CCC43-5583-4B6D-BAA0-29F180322629}"
EndProject
Global
	GlobalSection(SolutionConfigurationPlatforms) = preSolution
		Debug|Any CPU = Debug|Any CPU
		Release|Any CPU = Release|Any CPU
	EndGlobalSection
	GlobalSection(ProjectConfigurationPlatforms) = postSolution
		{408D1A24-F6A7-488D-A267-88A417E8C394}.Debug|Any CPU.ActiveCfg = Debug|Any CPU
		{408D1A24-F6A7-488D-A267-88A417E8C394}.Debug|Any CPU.Build.0 = Debug|Any CPU
		{408D1A24-F6A7-488D-A267-88A417E8C394}.Debug|Any CPU.Deploy.0 = Debug|Any CPU
		{408D1A24-F6A7-488D-A267-88A417E8C394}.Release|Any CPU.ActiveCfg = Release|Any CPU
		{408D1A24-F6A7-488D-A267-88A417E8C394}.Release|Any CPU.Build.0 = Release|Any CPU
		{408D1A24-F6A7-488D-A267-88A417E8C394}.Release|Any CPU.Deploy.0 = Release|Any CPU
		{263CCC43-5583-4B6D-BAA0-29F180322629}.Debug|Any CPU.ActiveCfg = Debug|Any CPU
		{263CCC43-5583-4B6D-BAA0-29F180322629}.Debug|Any CPU.Build.0 = Debug|Any CPU
		{263CCC43-5583-4B6D-BAA0-29F180322629}.Debug|Any CPU.Deploy.0 = Debug|Any CPU
		{263CCC43-5583-4B6D-BAA0-29F180322629}.Release|Any CPU.ActiveCfg = Release|Any CPU
		{263CCC43-5583-4B6D-BAA0-29F180322629}.Release|Any CPU.Build.0 = Release|Any CPU
		{263CCC43-5583-4B6D-BAA0-29F180322629}.Release|Any CPU.Deploy.0 = Release|Any CPU
	EndGlobalSection
	GlobalSection(SolutionProperties) = preSolution
		HideSolutionNode = FALSE
	EndGlobalSection
	GlobalSection(ExtensibilityGlobals) = postSolution
		SolutionGuid = {01A6BE23-9FFB-43C4-85E5-547D223D760F}
	EndGlobalSection
EndGlobal
